
Microsoft Visual Studio Solution File, Format Version 12.00
# Visual Studio 15
VisualStudioVersion = 15.0.26730.12
MinimumVisualStudioVersion = 10.0.40219.1
Project("{FAE04EC0-301F-11D3-BF4B-00C04F79EFBC}") = "snake", "snake\snake.csproj", "{8E98EB76-D8A7-44EC-B182-F3428325CF41}"
EndProject
Global
	GlobalSection(SolutionConfigurationPlatforms) = preSolution
		Debug|Any CPU = Debug|Any CPU
		Release|Any CPU = Release|Any CPU
	EndGlobalSection
	GlobalSection(ProjectConfigurationPlatforms) = postSolution
		{8E98EB76-D8A7-44EC-B182-F3428325CF41}.Debug|Any CPU.ActiveCfg = Debug|Any CPU
		{8E98EB76-D8A7-44EC-B182-F3428325CF41}.Debug|Any CPU.Build.0 = Debug|Any CPU
		{8E98EB76-D8A7-44EC-B182-F3428325CF41}.Release|Any CPU.ActiveCfg = Release|Any CPU
		{8E98EB76-D8A7-44EC-B182-F3428325CF41}.Release|Any CPU.Build.0 = Release|Any CPU
	EndGlobalSection
	GlobalSection(SolutionProperties) = preSolution
		HideSolutionNode = FALSE
	EndGlobalSection
	GlobalSection(ExtensibilityGlobals) = postSolution
		SolutionGuid = {E8B2F802-22DE-4012-B8BD-3BC1D5A907A7}
	EndGlobalSection
EndGlobal
